dependencies:
- name: postgresql
  repository: oci://registry-1.docker.io/bitnamicharts
  version: 16.7.27
- name: redis
  repository: oci://registry-1.docker.io/bitnamicharts
  version: 20.13.4
digest: sha256:57f575b5216ab6a9e9fae7b45369bf7f469680af85460247559bd4a67564f5b7
generated: "2026-04-05T15:21:23.76382+08:00"
